
Microsoft Visual Studio Solution File, Format Version 12.00
# Visual Studio Version 17
VisualStudioVersion = 17.4.32804.182
MinimumVisualStudioVersion = 10.0.40219.1
Project("{8BC9CEB8-8B4A-11D0-8D11-00A0C91BC942}") = "MFCWithWinRT", "MFCWithWinRT\MFCWithWinRT.vcxproj", "{60C8CA10-7DC8-47D6-95ED-E2A9B9025BE7}"
EndProject
Project("{C7167F0D-BC9F-4E6E-AFE1-012C56B48DB5}") = "MFCWithWinRT-MSIX", "MFCWithWinRT-MSIX\MFCWithWinRT-MSIX.wapproj", "{C875DA2C-F9DC-4DB2-AD33-0B81CA99AB78}"
EndProject
Project("{FAE04EC0-301F-11D3-BF4B-00C04F79EFBC}") = "RuntimeComponent1", "RuntimeComponent1\RuntimeComponent1.csproj", "{BB074AF9-1F3C-4F0C-8AAE-A7C0C26E4484}"
EndProject
Global
	GlobalSection(SolutionConfigurationPlatforms) = preSolution
		Debug|Any CPU = Debug|Any CPU
		Debug|ARM = Debug|ARM
		Debug|ARM64 = Debug|ARM64
		Debug|x64 = Debug|x64
		Debug|x86 = Debug|x86
		Release|Any CPU = Release|Any CPU
		Release|ARM = Release|ARM
		Release|ARM64 = Release|ARM64
		Release|x64 = Release|x64
		Release|x86 = Release|x86
	EndGlobalSection
	GlobalSection(ProjectConfigurationPlatforms) = postSolution
		{60C8CA10-7DC8-47D6-95ED-E2A9B9025BE7}.Debug|Any CPU.ActiveCfg = Debug|Win32
		{60C8CA10-7DC8-47D6-95ED-E2A9B9025BE7}.Debug|ARM.ActiveCfg = Debug|Win32
		{60C8CA10-7DC8-47D6-95ED-E2A9B9025BE7}.Debug|ARM64.ActiveCfg = Debug|Win32
		{60C8CA10-7DC8-47D6-95ED-E2A9B9025BE7}.Debug|x64.ActiveCfg = Debug|x64
		{60C8CA10-7DC8-47D6-95ED-E2A9B9025BE7}.Debug|x64.Build.0 = Debug|x64
		{60C8CA10-7DC8-47D6-95ED-E2A9B9025BE7}.Debug|x86.ActiveCfg = Debug|Win32
		{60C8CA10-7DC8-47D6-95ED-E2A9B9025BE7}.Debug|x86.Build.0 = Debug|Win32
		{60C8CA10-7DC8-47D6-95ED-E2A9B9025BE7}.Release|Any CPU.ActiveCfg = Release|Win32
		{60C8CA10-7DC8-47D6-95ED-E2A9B9025BE7}.Release|ARM.ActiveCfg = Release|Win32
		{60C8CA10-7DC8-47D6-95ED-E2A9B9025BE7}.Release|ARM64.ActiveCfg = Release|Win32
		{60C8CA10-7DC8-47D6-95ED-E2A9B9025BE7}.Release|x64.ActiveCfg = Release|x64
		{60C8CA10-7DC8-47D6-95ED-E2A9B9025BE7}.Release|x64.Build.0 = Release|x64
		{60C8CA10-7DC8-47D6-95ED-E2A9B9025BE7}.Release|x86.ActiveCfg = Release|Win32
		{60C8CA10-7DC8-47D6-95ED-E2A9B9025BE7}.Release|x86.Build.0 = Release|Win32
		{C875DA2C-F9DC-4DB2-AD33-0B81CA99AB78}.Debug|Any CPU.ActiveCfg = Debug|Any CPU
		{C875DA2C-F9DC-4DB2-AD33-0B81CA99AB78}.Debug|Any CPU.Build.0 = Debug|Any CPU
		{C875DA2C-F9DC-4DB2-AD33-0B81CA99AB78}.Debug|Any CPU.Deploy.0 = Debug|Any CPU
		{C875DA2C-F9DC-4DB2-AD33-0B81CA99AB78}.Debug|ARM.ActiveCfg = Debug|ARM
		{C875DA2C-F9DC-4DB2-AD33-0B81CA99AB78}.Debug|ARM.Build.0 = Debug|ARM
		{C875DA2C-F9DC-4DB2-AD33-0B81CA99AB78}.Debug|ARM.Deploy.0 = Debug|ARM
		{C875DA2C-F9DC-4DB2-AD33-0B81CA99AB78}.Debug|ARM64.ActiveCfg = Debug|ARM64
		{C875DA2C-F9DC-4DB2-AD33-0B81CA99AB78}.Debug|ARM64.Build.0 = Debug|ARM64
		{C875DA2C-F9DC-4DB2-AD33-0B81CA99AB78}.Debug|ARM64.Deploy.0 = Debug|ARM64
		{C875DA2C-F9DC-4DB2-AD33-0B81CA99AB78}.Debug|x64.ActiveCfg = Debug|x64
		{C875DA2C-F9DC-4DB2-AD33-0B81CA99AB78}.Debug|x64.Build.0 = Debug|x64
		{C875DA2C-F9DC-4DB2-AD33-0B81CA99AB78}.Debug|x64.Deploy.0 = Debug|x64
		{C875DA2C-F9DC-4DB2-AD33-0B81CA99AB78}.Debug|x86.ActiveCfg = Debug|x86
		{C875DA2C-F9DC-4DB2-AD33-0B81CA99AB78}.Debug|x86.Build.0 = Debug|x86
		{C875DA2C-F9DC-4DB2-AD33-0B81CA99AB78}.Debug|x86.Deploy.0 = Debug|x86
		{C875DA2C-F9DC-4DB2-AD33-0B81CA99AB78}.Release|Any CPU.ActiveCfg = Release|Any CPU
		{C875DA2C-F9DC-4DB2-AD33-0B81CA99AB78}.Release|Any CPU.Build.0 = Release|Any CPU
		{C875DA2C-F9DC-4DB2-AD33-0B81CA99AB78}.Release|Any CPU.Deploy.0 = Release|Any CPU
		{C875DA2C-F9DC-4DB2-AD33-0B81CA99AB78}.Release|ARM.ActiveCfg = Release|ARM
		{C875DA2C-F9DC-4DB2-AD33-0B81CA99AB78}.Release|ARM.Build.0 = Release|ARM
		{C875DA2C-F9DC-4DB2-AD33-0B81CA99AB78}.Release|ARM.Deploy.0 = Release|ARM
		{C875DA2C-F9DC-4DB2-AD33-0B81CA99AB78}.Release|ARM64.ActiveCfg = Release|ARM64
		{C875DA2C-F9DC-4DB2-AD33-0B81CA99AB78}.Release|ARM64.Build.0 = Release|ARM64
		{C875DA2C-F9DC-4DB2-AD33-0B81CA99AB78}.Release|ARM64.Deploy.0 = Release|ARM64
		{C875DA2C-F9DC-4DB2-AD33-0B81CA99AB78}.Release|x64.ActiveCfg = Release|x64
		{C875DA2C-F9DC-4DB2-AD33-0B81CA99AB78}.Release|x64.Build.0 = Release|x64
		{C875DA2C-F9DC-4DB2-AD33-0B81CA99AB78}.Release|x64.Deploy.0 = Release|x64
		{C875DA2C-F9DC-4DB2-AD33-0B81CA99AB78}.Release|x86.ActiveCfg = Release|x86
		{C875DA2C-F9DC-4DB2-AD33-0B81CA99AB78}.Release|x86.Build.0 = Release|x86
		{C875DA2C-F9DC-4DB2-AD33-0B81CA99AB78}.Release|x86.Deploy.0 = Release|x86
		{BB074AF9-1F3C-4F0C-8AAE-A7C0C26E4484}.Debug|Any CPU.ActiveCfg = Debug|Any CPU
		{BB074AF9-1F3C-4F0C-8AAE-A7C0C26E4484}.Debug|Any CPU.Build.0 = Debug|Any CPU
		{BB074AF9-1F3C-4F0C-8AAE-A7C0C26E4484}.Debug|ARM.ActiveCfg = Debug|ARM
		{BB074AF9-1F3C-4F0C-8AAE-A7C0C26E4484}.Debug|ARM.Build.0 = Debug|ARM
		{BB074AF9-1F3C-4F0C-8AAE-A7C0C26E4484}.Debug|ARM64.ActiveCfg = Debug|ARM64
		{BB074AF9-1F3C-4F0C-8AAE-A7C0C26E4484}.Debug|ARM64.Build.0 = Debug|ARM64
		{BB074AF9-1F3C-4F0C-8AAE-A7C0C26E4484}.Debug|x64.ActiveCfg = Debug|x64
		{BB074AF9-1F3C-4F0C-8AAE-A7C0C26E4484}.Debug|x64.Build.0 = Debug|x64
		{BB074AF9-1F3C-4F0C-8AAE-A7C0C26E4484}.Debug|x86.ActiveCfg = Debug|x86
		{BB074AF9-1F3C-4F0C-8AAE-A7C0C26E4484}.Debug|x86.Build.0 = Debug|x86
		{BB074AF9-1F3C-4F0C-8AAE-A7C0C26E4484}.Release|Any CPU.ActiveCfg = Release|Any CPU
		{BB074AF9-1F3C-4F0C-8AAE-A7C0C26E4484}.Release|Any CPU.Build.0 = Release|Any CPU
		{BB074AF9-1F3C-4F0C-8AAE-A7C0C26E4484}.Release|ARM.ActiveCfg = Release|ARM
		{BB074AF9-1F3C-4F0C-8AAE-A7C0C26E4484}.Release|ARM.Build.0 = Release|ARM
		{BB074AF9-1F3C-4F0C-8AAE-A7C0C26E4484}.Release|ARM64.ActiveCfg = Release|ARM64
		{BB074AF9-1F3C-4F0C-8AAE-A7C0C26E4484}.Release|ARM64.Build.0 = Release|ARM64
		{BB074AF9-1F3C-4F0C-8AAE-A7C0C26E4484}.Release|x64.ActiveCfg = Release|x64
		{BB074AF9-1F3C-4F0C-8AAE-A7C0C26E4484}.Release|x64.Build.0 = Release|x64
		{BB074AF9-1F3C-4F0C-8AAE-A7C0C26E4484}.Release|x86.ActiveCfg = Release|x86
		{BB074AF9-1F3C-4F0C-8AAE-A7C0C26E4484}.Release|x86.Build.0 = Release|x86
	EndGlobalSection
	GlobalSection(SolutionProperties) = preSolution
		HideSolutionNode = FALSE
	EndGlobalSection
	GlobalSection(ExtensibilityGlobals) = postSolution
		SolutionGuid = {242DF862-01D3-4203-95F2-C14FFAE29AF3}
	EndGlobalSection
EndGlobal
